// !$*UTF8*$!
{
	archiveVersion = 1;
	classes = {
	};
	objectVersion = 46;
	objects = {

/* Begin PBXBuildFile section */
		39A7E06F1A71A07000031D88 /* test.json in Resources */ = {isa = PBXBuildFile; fileRef = 39A7E06E1A71A07000031D88 /* test.json */; };
		5234696318EA0EBA0072B094 /* JSATestModelObject.m in Sources */ = {isa = PBXBuildFile; fileRef = 5234696218EA0EBA0072B094 /* JSATestModelObject.m */; };
		52702C4018E831860017F36D /* Foundation.framework in Frameworks */ = {isa = PBXBuildFile; fileRef = 52702C3F18E831860017F36D /* Foundation.framework */; };
		52702C4218E831860017F36D /* CoreGraphics.framework in Frameworks */ = {isa = PBXBuildFile; fileRef = 52702C4118E831860017F36D /* CoreGraphics.framework */; };
		52702C4418E831860017F36D /* UIKit.framework in Frameworks */ = {isa = PBXBuildFile; fileRef = 52702C4318E831860017F36D /* UIKit.framework */; };
		52702C4A18E831860017F36D /* InfoPlist.strings in Resources */ = {isa = PBXBuildFile; fileRef = 52702C4818E831860017F36D /* InfoPlist.strings */; };
		52702C4C18E831860017F36D /* main.m in Sources */ = {isa = PBXBuildFile; fileRef = 52702C4B18E831860017F36D /* main.m */; };
		52702C5018E831860017F36D /* JSAAppDelegate.m in Sources */ = {isa = PBXBuildFile; fileRef = 52702C4F18E831860017F36D /* JSAAppDelegate.m */; };
		52702C5618E831860017F36D /* JSAViewController.m in Sources */ = {isa = PBXBuildFile; fileRef = 52702C5518E831860017F36D /* JSAViewController.m */; };
		52702C5F18E831860017F36D /* XCTest.framework in Frameworks */ = {isa = PBXBuildFile; fileRef = 52702C5E18E831860017F36D /* XCTest.framework */; };
		52702C6018E831870017F36D /* Foundation.framework in Frameworks */ = {isa = PBXBuildFile; fileRef = 52702C3F18E831860017F36D /* Foundation.framework */; };
		52702C6118E831870017F36D /* UIKit.framework in Frameworks */ = {isa = PBXBuildFile; fileRef = 52702C4318E831860017F36D /* UIKit.framework */; };
		52702C6918E831870017F36D /* InfoPlist.strings in Resources */ = {isa = PBXBuildFile; fileRef = 52702C6718E831870017F36D /* InfoPlist.strings */; };
		52702C6B18E831870017F36D /* JSACollectionTests.m in Sources */ = {isa = PBXBuildFile; fileRef = 52702C6A18E831870017F36D /* JSACollectionTests.m */; };
		52702C8D18E831D70017F36D /* NSArray+ContainsString.m in Sources */ = {isa = PBXBuildFile; fileRef = 52702C7718E831D60017F36D /* NSArray+ContainsString.m */; };
		52702C8E18E831D70017F36D /* NSObject+ListOfProperties.m in Sources */ = {isa = PBXBuildFile; fileRef = 52702C7918E831D60017F36D /* NSObject+ListOfProperties.m */; };
		52702C8F18E831D70017F36D /* JSACArrayCollection.m in Sources */ = {isa = PBXBuildFile; fileRef = 52702C7C18E831D60017F36D /* JSACArrayCollection.m */; };
		52702C9018E831D70017F36D /* JSACCollection.m in Sources */ = {isa = PBXBuildFile; fileRef = 52702C7E18E831D60017F36D /* JSACCollection.m */; };
		52702C9118E831D70017F36D /* JSACDictionaryCollection.m in Sources */ = {isa = PBXBuildFile; fileRef = 52702C8018E831D60017F36D /* JSACDictionaryCollection.m */; };
		52702C9218E831D70017F36D /* JSACCollectionFactory.m in Sources */ = {isa = PBXBuildFile; fileRef = 52702C8318E831D60017F36D /* JSACCollectionFactory.m */; };
		52702C9318E831D70017F36D /* JSACCollectionSerializer.m in Sources */ = {isa = PBXBuildFile; fileRef = 52702C8518E831D70017F36D /* JSACCollectionSerializer.m */; };
		52702C9418E831D70017F36D /* JSACKeyGenerator.m in Sources */ = {isa = PBXBuildFile; fileRef = 52702C8718E831D70017F36D /* JSACKeyGenerator.m */; };
		52702C9518E831D70017F36D /* JSACLayerFinder.m in Sources */ = {isa = PBXBuildFile; fileRef = 52702C8918E831D70017F36D /* JSACLayerFinder.m */; };
		52702C9718E832330017F36D /* JSAViewController.xib in Resources */ = {isa = PBXBuildFile; fileRef = 52702C9618E832330017F36D /* JSAViewController.xib */; };
/* End PBXBuildFile section */

/* Begin PBXContainerItemProxy section */
		52702C6218E831870017F36D /* PBXContainerItemProxy */ = {
			isa = PBXContainerItemProxy;
			containerPortal = 52702C3418E831860017F36D /* Project object */;
			proxyType = 1;
			remoteGlobalIDString = 52702C3B18E831860017F36D;
			remoteInfo = JSACollection;
		};
/* End PBXContainerItemProxy section */

/* Begin PBXFileReference section */
		3987680B1A96CE29004E8EC5 /* JSACollection.h */ = {isa = PBXFileReference; lastKnownFileType = sourcecode.c.h; path = JSACollection.h; sourceTree = "<group>"; };
		39A7E06E1A71A07000031D88 /* test.json */ = {isa = PBXFileReference; fileEncoding = 4; lastKnownFileType = text.json; path = test.json; sourceTree = "<group>"; };
		5234696118EA0EBA0072B094 /* JSATestModelObject.h */ = {isa = PBXFileReference; fileEncoding = 4; lastKnownFileType = sourcecode.c.h; path = JSATestModelObject.h; sourceTree = "<group>"; };
		5234696218EA0EBA0072B094 /* JSATestModelObject.m */ = {isa = PBXFileReference; fileEncoding = 4; lastKnownFileType = sourcecode.c.objc; path = JSATestModelObject.m; sourceTree = "<group>"; };
		52702C3C18E831860017F36D /* JSACollection.app */ = {isa = PBXFileReference; explicitFileType = wrapper.application; includeInIndex = 0; path = JSACollection.app; sourceTree = BUILT_PRODUCTS_DIR; };
		52702C3F18E831860017F36D /* Foundation.framework */ = {isa = PBXFileReference; lastKnownFileType = wrapper.framework; name = Foundation.framework; path = System/Library/Frameworks/Foundation.framework; sourceTree = SDKROOT; };
		52702C4118E831860017F36D /* CoreGraphics.framework */ = {isa = PBXFileReference; lastKnownFileType = wrapper.framework; name = CoreGraphics.framework; path = System/Library/Frameworks/CoreGraphics.framework; sourceTree = SDKROOT; };
		52702C4318E831860017F36D /* UIKit.framework */ = {isa = PBXFileReference; lastKnownFileType = wrapper.framework; name = UIKit.framework; path = System/Library/Frameworks/UIKit.framework; sourceTree = SDKROOT; };
		52702C4718E831860017F36D /* JSACollection-Info.plist */ = {isa = PBXFileReference; lastKnownFileType = text.plist.xml; path = "JSACollection-Info.plist"; sourceTree = "<group>"; };
		52702C4918E831860017F36D /* en */ = {isa = PBXFileReference; lastKnownFileType = text.plist.strings; name = en; path = en.lproj/InfoPlist.strings; sourceTree = "<group>"; };
		52702C4B18E831860017F36D /* main.m */ = {isa = PBXFileReference; lastKnownFileType = sourcecode.c.objc; path = main.m; sourceTree = "<group>"; };
		52702C4D18E831860017F36D /* JSACollection-Prefix.pch */ = {isa = PBXFileReference; lastKnownFileType = sourcecode.c.h; path = "JSACollection-Prefix.pch"; sourceTree = "<group>"; };
		52702C4E18E831860017F36D /* JSAAppDelegate.h */ = {isa = PBXFileReference; lastKnownFileType = sourcecode.c.h; path = JSAAppDelegate.h; sourceTree = "<group>"; };
		52702C4F18E831860017F36D /* JSAAppDelegate.m */ = {isa = PBXFileReference; lastKnownFileType = sourcecode.c.objc; path = JSAAppDelegate.m; sourceTree = "<group>"; };
		52702C5418E831860017F36D /* JSAViewController.h */ = {isa = PBXFileReference; lastKnownFileType = sourcecode.c.h; path = JSAViewController.h; sourceTree = "<group>"; };
		52702C5518E831860017F36D /* JSAViewController.m */ = {isa = PBXFileReference; lastKnownFileType = sourcecode.c.objc; path = JSAViewController.m; sourceTree = "<group>"; };
		52702C5D18E831860017F36D /* JSACollectionTests.xctest */ = {isa = PBXFileReference; explicitFileType = wrapper.cfbundle; includeInIndex = 0; path = JSACollectionTests.xctest; sourceTree = BUILT_PRODUCTS_DIR; };
		52702C5E18E831860017F36D /* XCTest.framework */ = {isa = PBXFileReference; lastKnownFileType = wrapper.framework; name = XCTest.framework; path = Library/Frameworks/XCTest.framework; sourceTree = DEVELOPER_DIR; };
		52702C6618E831870017F36D /* JSACollectionTests-Info.plist */ = {isa = PBXFileReference; lastKnownFileType = text.plist.xml; path = "JSACollectionTests-Info.plist"; sourceTree = "<group>"; };
		52702C6818E831870017F36D /* en */ = {isa = PBXFileReference; lastKnownFileType = text.plist.strings; name = en; path = en.lproj/InfoPlist.strings; sourceTree = "<group>"; };
		52702C6A18E831870017F36D /* JSACollectionTests.m */ = {isa = PBXFileReference; lastKnownFileType = sourcecode.c.objc; path = JSACollectionTests.m; sourceTree = "<group>"; };
		52702C7618E831D60017F36D /* NSArray+ContainsString.h */ = {isa = PBXFileReference; fileEncoding = 4; lastKnownFileType = sourcecode.c.h; path = "NSArray+ContainsString.h"; sourceTree = "<group>"; };
		52702C7718E831D60017F36D /* NSArray+ContainsString.m */ = {isa = PBXFileReference; fileEncoding = 4; lastKnownFileType = sourcecode.c.objc; path = "NSArray+ContainsString.m"; sourceTree = "<group>"; };
		52702C7818E831D60017F36D /* NSObject+ListOfProperties.h */ = {isa = PBXFileReference; fileEncoding = 4; lastKnownFileType = sourcecode.c.h; path = "NSObject+ListOfProperties.h"; sourceTree = "<group>"; };
		52702C7918E831D60017F36D /* NSObject+ListOfProperties.m */ = {isa = PBXFileReference; fileEncoding = 4; lastKnownFileType = sourcecode.c.objc; path = "NSObject+ListOfProperties.m"; sourceTree = "<group>"; };
		52702C7B18E831D60017F36D /* JSACArrayCollection.h */ = {isa = PBXFileReference; fileEncoding = 4; lastKnownFileType = sourcecode.c.h; path = JSACArrayCollection.h; sourceTree = "<group>"; };
		52702C7C18E831D60017F36D /* JSACArrayCollection.m */ = {isa = PBXFileReference; fileEncoding = 4; lastKnownFileType = sourcecode.c.objc; path = JSACArrayCollection.m; sourceTree = "<group>"; };
		52702C7D18E831D60017F36D /* JSACCollection.h */ = {isa = PBXFileReference; fileEncoding = 4; lastKnownFileType = sourcecode.c.h; path = JSACCollection.h; sourceTree = "<group>"; };
		52702C7E18E831D60017F36D /* JSACCollection.m */ = {isa = PBXFileReference; fileEncoding = 4; lastKnownFileType = sourcecode.c.objc; path = JSACCollection.m; sourceTree = "<group>"; };
		52702C7F18E831D60017F36D /* JSACDictionaryCollection.h */ = {isa = PBXFileReference; fileEncoding = 4; lastKnownFileType = sourcecode.c.h; path = JSACDictionaryCollection.h; sourceTree = "<group>"; };
		52702C8018E831D60017F36D /* JSACDictionaryCollection.m */ = {isa = PBXFileReference; fileEncoding = 4; lastKnownFileType = sourcecode.c.objc; path = JSACDictionaryCollection.m; sourceTree = "<group>"; };
		52702C8218E831D60017F36D /* JSACCollectionFactory.h */ = {isa = PBXFileReference; fileEncoding = 4; lastKnownFileType = sourcecode.c.h; path = JSACCollectionFactory.h; sourceTree = "<group>"; };
		52702C8318E831D60017F36D /* JSACCollectionFactory.m */ = {isa = PBXFileReference; fileEncoding = 4; lastKnownFileType = sourcecode.c.objc; path = JSACCollectionFactory.m; sourceTree = "<group>"; };
		52702C8418E831D70017F36D /* JSACCollectionSerializer.h */ = {isa = PBXFileReference; fileEncoding = 4; lastKnownFileType = sourcecode.c.h; path = JSACCollectionSerializer.h; sourceTree = "<group>"; };
		52702C8518E831D70017F36D /* JSACCollectionSerializer.m */ = {isa = PBXFileReference; fileEncoding = 4; lastKnownFileType = sourcecode.c.objc; path = JSACCollectionSerializer.m; sourceTree = "<group>"; };
		52702C8618E831D70017F36D /* JSACKeyGenerator.h */ = {isa = PBXFileReference; fileEncoding = 4; lastKnownFileType = sourcecode.c.h; path = JSACKeyGenerator.h; sourceTree = "<group>"; };
		52702C8718E831D70017F36D /* JSACKeyGenerator.m */ = {isa = PBXFileReference; fileEncoding = 4; lastKnownFileType = sourcecode.c.objc; path = JSACKeyGenerator.m; sourceTree = "<group>"; };
		52702C8818E831D70017F36D /* JSACLayerFinder.h */ = {isa = PBXFileReference; fileEncoding = 4; lastKnownFileType = sourcecode.c.h; path = JSACLayerFinder.h; sourceTree = "<group>"; };
		52702C8918E831D70017F36D /* JSACLayerFinder.m */ = {isa = PBXFileReference; fileEncoding = 4; lastKnownFileType = sourcecode.c.objc; path = JSACLayerFinder.m; sourceTree = "<group>"; };
		52702C8A18E831D70017F36D /* JSACMacros.h */ = {isa = PBXFileReference; fileEncoding = 4; lastKnownFileType = sourcecode.c.h; path = JSACMacros.h; sourceTree = "<group>"; };
		52702C8C18E831D70017F36D /* JSACSerializableClassFactory.h */ = {isa = PBXFileReference; fileEncoding = 4; lastKnownFileType = sourcecode.c.h; path = JSACSerializableClassFactory.h; sourceTree = "<group>"; };
		52702C9618E832330017F36D /* JSAViewController.xib */ = {isa = PBXFileReference; fileEncoding = 4; lastKnownFileType = file.xib; path = JSAViewController.xib; sourceTree = "<group>"; };
/* End PBXFileReference section */

/* Begin PBXFrameworksBuildPhase section */
		52702C3918E831860017F36D /* Frameworks */ = {
			isa = PBXFrameworksBuildPhase;
			buildActionMask = 2147483647;
			files = (
				52702C4218E831860017F36D /* CoreGraphics.framework in Frameworks */,
				52702C4418E831860017F36D /* UIKit.framework in Frameworks */,
				52702C4018E831860017F36D /* Foundation.framework in Frameworks */,
			);
			runOnlyForDeploymentPostprocessing = 0;
		};
		52702C5A18E831860017F36D /* Frameworks */ = {
			isa = PBXFrameworksBuildPhase;
			buildActionMask = 2147483647;
			files = (
				52702C5F18E831860017F36D /* XCTest.framework in Frameworks */,
				52702C6118E831870017F36D /* UIKit.framework in Frameworks */,
				52702C6018E831870017F36D /* Foundation.framework in Frameworks */,
			);
			runOnlyForDeploymentPostprocessing = 0;
		};
/* End PBXFrameworksBuildPhase section */

/* Begin PBXGroup section */
		52702C3318E831860017F36D = {
			isa = PBXGroup;
			children = (
				52702C4518E831860017F36D /* JSACollection */,
				52702C6418E831870017F36D /* JSACollectionTests */,
				52702C3E18E831860017F36D /* Frameworks */,
				52702C3D18E831860017F36D /* Products */,
			);
			sourceTree = "<group>";
		};
		52702C3D18E831860017F36D /* Products */ = {
			isa = PBXGroup;
			children = (
				52702C3C18E831860017F36D /* JSACollection.app */,
				52702C5D18E831860017F36D /* JSACollectionTests.xctest */,
			);
			name = Products;
			sourceTree = "<group>";
		};
		52702C3E18E831860017F36D /* Frameworks */ = {
			isa = PBXGroup;
			children = (
				52702C3F18E831860017F36D /* Foundation.framework */,
				52702C4118E831860017F36D /* CoreGraphics.framework */,
				52702C4318E831860017F36D /* UIKit.framework */,
				52702C5E18E831860017F36D /* XCTest.framework */,
			);
			name = Frameworks;
			sourceTree = "<group>";
		};
		52702C4518E831860017F36D /* JSACollection */ = {
			isa = PBXGroup;
			children = (
				52702C4E18E831860017F36D /* JSAAppDelegate.h */,
				52702C4F18E831860017F36D /* JSAAppDelegate.m */,
				5234696118EA0EBA0072B094 /* JSATestModelObject.h */,
				5234696218EA0EBA0072B094 /* JSATestModelObject.m */,
				52702C5418E831860017F36D /* JSAViewController.h */,
				52702C5518E831860017F36D /* JSAViewController.m */,
				52702C9618E832330017F36D /* JSAViewController.xib */,
				39A7E06E1A71A07000031D88 /* test.json */,
				52702C7418E831D60017F36D /* Classes */,
				52702C4618E831860017F36D /* Supporting Files */,
			);
			path = JSACollection;
			sourceTree = "<group>";
		};
		52702C4618E831860017F36D /* Supporting Files */ = {
			isa = PBXGroup;
			children = (
				52702C4718E831860017F36D /* JSACollection-Info.plist */,
				52702C4818E831860017F36D /* InfoPlist.strings */,
				52702C4B18E831860017F36D /* main.m */,
				52702C4D18E831860017F36D /* JSACollection-Prefix.pch */,
			);
			name = "Supporting Files";
			sourceTree = "<group>";
		};
		52702C6418E831870017F36D /* JSACollectionTests */ = {
			isa = PBXGroup;
			children = (
				52702C6A18E831870017F36D /* JSACollectionTests.m */,
				52702C6518E831870017F36D /* Supporting Files */,
			);
			path = JSACollectionTests;
			sourceTree = "<group>";
		};
		52702C6518E831870017F36D /* Supporting Files */ = {
			isa = PBXGroup;
			children = (
				52702C6618E831870017F36D /* JSACollectionTests-Info.plist */,
				52702C6718E831870017F36D /* InfoPlist.strings */,
			);
			name = "Supporting Files";
			sourceTree = "<group>";
		};
		52702C7418E831D60017F36D /* Classes */ = {
			isa = PBXGroup;
			children = (
				52702C7518E831D60017F36D /* Category */,
				52702C7A18E831D60017F36D /* Data Collection */,
				52702C8118E831D60017F36D /* Factory */,
				52702C8418E831D70017F36D /* JSACCollectionSerializer.h */,
				52702C8518E831D70017F36D /* JSACCollectionSerializer.m */,
				52702C8618E831D70017F36D /* JSACKeyGenerator.h */,
				52702C8718E831D70017F36D /* JSACKeyGenerator.m */,
				52702C8818E831D70017F36D /* JSACLayerFinder.h */,
				52702C8918E831D70017F36D /* JSACLayerFinder.m */,
				52702C8A18E831D70017F36D /* JSACMacros.h */,
				3987680B1A96CE29004E8EC5 /* JSACollection.h */,
				52702C8B18E831D70017F36D /* Protocol */,
			);
			path = Classes;
			sourceTree = "<group>";
		};
		52702C7518E831D60017F36D /* Category */ = {
			isa = PBXGroup;
			children = (
				52702C7618E831D60017F36D /* NSArray+ContainsString.h */,
				52702C7718E831D60017F36D /* NSArray+ContainsString.m */,
				52702C7818E831D60017F36D /* NSObject+ListOfProperties.h */,
				52702C7918E831D60017F36D /* NSObject+ListOfProperties.m */,
			);
			path = Category;
			sourceTree = "<group>";
		};
		52702C7A18E831D60017F36D /* Data Collection */ = {
			isa = PBXGroup;
			children = (
				52702C7B18E831D60017F36D /* JSACArrayCollection.h */,
				52702C7C18E831D60017F36D /* JSACArrayCollection.m */,
				52702C7D18E831D60017F36D /* JSACCollection.h */,
				52702C7E18E831D60017F36D /* JSACCollection.m */,
				52702C7F18E831D60017F36D /* JSACDictionaryCollection.h */,
				52702C8018E831D60017F36D /* JSACDictionaryCollection.m */,
			);
			path = "Data Collection";
			sourceTree = "<group>";
		};
		52702C8118E831D60017F36D /* Factory */ = {
			isa = PBXGroup;
			children = (
				52702C8218E831D60017F36D /* JSACCollectionFactory.h */,
				52702C8318E831D60017F36D /* JSACCollectionFactory.m */,
			);
			path = Factory;
			sourceTree = "<group>";
		};
		52702C8B18E831D70017F36D /* Protocol */ = {
			isa = PBXGroup;
			children = (
				52702C8C18E831D70017F36D /* JSACSerializableClassFactory.h */,
			);
			path = Protocol;
			sourceTree = "<group>";
		};
/* End PBXGroup section */

/* Begin PBXNativeTarget section */
		52702C3B18E831860017F36D /* JSACollection */ = {
			isa = PBXNativeTarget;
			buildConfigurationList = 52702C6E18E831870017F36D /* Build configuration list for PBXNativeTarget "JSACollection" */;
			buildPhases = (
				52702C3818E831860017F36D /* Sources */,
				52702C3918E831860017F36D /* Frameworks */,
				52702C3A18E831860017F36D /* Resources */,
			);
			buildRules = (
			);
			dependencies = (
			);
			name = JSACollection;
			productName = JSACollection;
			productReference = 52702C3C18E831860017F36D /* JSACollection.app */;
			productType = "com.apple.product-type.application";
		};
		52702C5C18E831860017F36D /* JSACollectionTests */ = {
			isa = PBXNativeTarget;
			buildConfigurationList = 52702C7118E831870017F36D /* Build configuration list for PBXNativeTarget "JSACollectionTests" */;
			buildPhases = (
				52702C5918E831860017F36D /* Sources */,
				52702C5A18E831860017F36D /* Frameworks */,
				52702C5B18E831860017F36D /* Resources */,
			);
			buildRules = (
			);
			dependencies = (
				52702C6318E831870017F36D /* PBXTargetDependency */,
			);
			name = JSACollectionTests;
			productName = JSACollectionTests;
			productReference = 52702C5D18E831860017F36D /* JSACollectionTests.xctest */;
			productType = "com.apple.product-type.bundle.unit-test";
		};
/* End PBXNativeTarget section */

/* Begin PBXProject section */
		52702C3418E831860017F36D /* Project object */ = {
			isa = PBXProject;
			attributes = {
				CLASSPREFIX = JSA;
				LastUpgradeCheck = 0510;
				ORGANIZATIONNAME = "Nelson LeDuc";
				TargetAttributes = {
					52702C5C18E831860017F36D = {
						TestTargetID = 52702C3B18E831860017F36D;
					};
				};
			};
			buildConfigurationList = 52702C3718E831860017F36D /* Build configuration list for PBXProject "JSACollection" */;
			compatibilityVersion = "Xcode 3.2";
			developmentRegion = English;
			hasScannedForEncodings = 0;
			knownRegions = (
				en,
				Base,
			);
			mainGroup = 52702C3318E831860017F36D;
			productRefGroup = 52702C3D18E831860017F36D /* Products */;
			projectDirPath = "";
			projectRoot = "";
			targets = (
				52702C3B18E831860017F36D /* JSACollection */,
				52702C5C18E831860017F36D /* JSACollectionTests */,
			);
		};
/* End PBXProject section */

/* Begin PBXResourcesBuildPhase section */
		52702C3A18E831860017F36D /* Resources */ = {
			isa = PBXResourcesBuildPhase;
			buildActionMask = 2147483647;
			files = (
				52702C4A18E831860017F36D /* InfoPlist.strings in Resources */,
				52702C9718E832330017F36D /* JSAViewController.xib in Resources */,
				39A7E06F1A71A07000031D88 /* test.json in Resources */,
			);
			runOnlyForDeploymentPostprocessing = 0;
		};
		52702C5B18E831860017F36D /* Resources */ = {
			isa = PBXResourcesBuildPhase;
			buildActionMask = 2147483647;
			files = (
				52702C6918E831870017F36D /* InfoPlist.strings in Resources */,
			);
			runOnlyForDeploymentPostprocessing = 0;
		};
/* End PBXResourcesBuildPhase section */

/* Begin PBXSourcesBuildPhase section */
		52702C3818E831860017F36D /* Sources */ = {
			isa = PBXSourcesBuildPhase;
			buildActionMask = 2147483647;
			files = (
				52702C9118E831D70017F36D /* JSACDictionaryCollection.m in Sources */,
				52702C8D18E831D70017F36D /* NSArray+ContainsString.m in Sources */,
				52702C4C18E831860017F36D /* main.m in Sources */,
				52702C9018E831D70017F36D /* JSACCollection.m in Sources */,
				52702C8E18E831D70017F36D /* NSObject+ListOfProperties.m in Sources */,
				5234696318EA0EBA0072B094 /* JSATestModelObject.m in Sources */,
				52702C9218E831D70017F36D /* JSACCollectionFactory.m in Sources */,
				52702C9318E831D70017F36D /* JSACCollectionSerializer.m in Sources */,
				52702C9418E831D70017F36D /* JSACKeyGenerator.m in Sources */,
				52702C5018E831860017F36D /* JSAAppDelegate.m in Sources */,
				52702C8F18E831D70017F36D /* JSACArrayCollection.m in Sources */,
				52702C9518E831D70017F36D /* JSACLayerFinder.m in Sources */,
				52702C5618E831860017F36D /* JSAViewController.m in Sources */,
			);
			runOnlyForDeploymentPostprocessing = 0;
		};
		52702C5918E831860017F36D /* Sources */ = {
			isa = PBXSourcesBuildPhase;
			buildActionMask = 2147483647;
			files = (
				52702C6B18E831870017F36D /* JSACollectionTests.m in Sources */,
			);
			runOnlyForDeploymentPostprocessing = 0;
		};
/* End PBXSourcesBuildPhase section */

/* Begin PBXTargetDependency section */
		52702C6318E831870017F36D /* PBXTargetDependency */ = {
			isa = PBXTargetDependency;
			target = 52702C3B18E831860017F36D /* JSACollection */;
			targetProxy = 52702C6218E831870017F36D /* PBXContainerItemProxy */;
		};
/* End PBXTargetDependency section */

/* Begin PBXVariantGroup section */
		52702C4818E831860017F36D /* InfoPlist.strings */ = {
			isa = PBXVariantGroup;
			children = (
				52702C4918E831860017F36D /* en */,
			);
			name = InfoPlist.strings;
			sourceTree = "<group>";
		};
		52702C6718E831870017F36D /* InfoPlist.strings */ = {
			isa = PBXVariantGroup;
			children = (
				52702C6818E831870017F36D /* en */,
			);
			name = InfoPlist.strings;
			sourceTree = "<group>";
		};
/* End PBXVariantGroup section */

/* Begin XCBuildConfiguration section */
		52702C6C18E831870017F36D /* Debug */ = {
			isa = XCBuildConfiguration;
			buildSettings = {
				ALWAYS_SEARCH_USER_PATHS = NO;
				CLANG_CXX_LANGUAGE_STANDARD = "gnu++0x";
				CLANG_CXX_LIBRARY = "libc++";
				CLANG_ENABLE_MODULES = YES;
				CLANG_ENABLE_OBJC_ARC = YES;
				CLANG_WARN_BOOL_CONVERSION = YES;
				CLANG_WARN_CONSTANT_CONVERSION = YES;
				CLANG_WARN_DIRECT_OBJC_ISA_USAGE = YES_ERROR;
				CLANG_WARN_EMPTY_BODY = YES;
				CLANG_WARN_ENUM_CONVERSION = YES;
				CLANG_WARN_INT_CONVERSION = YES;
				CLANG_WARN_OBJC_ROOT_CLASS = YES_ERROR;
				CLANG_WARN__DUPLICATE_METHOD_MATCH = YES;
				"CODE_SIGN_IDENTITY[sdk=iphoneos*]" = "iPhone Developer";
				COPY_PHASE_STRIP = NO;
				GCC_C_LANGUAGE_STANDARD = gnu99;
				GCC_DYNAMIC_NO_PIC = NO;
				GCC_OPTIMIZATION_LEVEL = 0;
				GCC_PREPROCESSOR_DEFINITIONS = (
					"DEBUG=1",
					"$(inherited)",
				);
				GCC_SYMBOLS_PRIVATE_EXTERN = NO;
				GCC_WARN_64_TO_32_BIT_CONVERSION = YES;
				GCC_WARN_ABOUT_RETURN_TYPE = YES_ERROR;
				GCC_WARN_UNDECLARED_SELECTOR = YES;
				GCC_WARN_UNINITIALIZED_AUTOS = YES_AGGRESSIVE;
				GCC_WARN_UNUSED_FUNCTION = YES;
				GCC_WARN_UNUSED_VARIABLE = YES;
				IPHONEOS_DEPLOYMENT_TARGET = 7.1;
				ONLY_ACTIVE_ARCH = YES;
				SDKROOT = iphoneos;
			};
			name = Debug;
		};
		52702C6D18E831870017F36D /* Release */ = {
			isa = XCBuildConfiguration;
			buildSettings = {
				ALWAYS_SEARCH_USER_PATHS = NO;
				CLANG_CXX_LANGUAGE_STANDARD = "gnu++0x";
				CLANG_CXX_LIBRARY = "libc++";
				CLANG_ENABLE_MODULES = YES;
				CLANG_ENABLE_OBJC_ARC = YES;
				CLANG_WARN_BOOL_CONVERSION = YES;
				CLANG_WARN_CONSTANT_CONVERSION = YES;
				CLANG_WARN_DIRECT_OBJC_ISA_USAGE = YES_ERROR;
				CLANG_WARN_EMPTY_BODY = YES;
				CLANG_WARN_ENUM_CONVERSION = YES;
				CLANG_WARN_INT_CONVERSION = YES;
				CLANG_WARN_OBJC_ROOT_CLASS = YES_ERROR;
				CLANG_WARN__DUPLICATE_METHOD_MATCH = YES;
				"CODE_SIGN_IDENTITY[sdk=iphoneos*]" = "iPhone Developer";
				COPY_PHASE_STRIP = YES;
				ENABLE_NS_ASSERTIONS = NO;
				GCC_C_LANGUAGE_STANDARD = gnu99;
				GCC_WARN_64_TO_32_BIT_CONVERSION = YES;
				GCC_WARN_ABOUT_RETURN_TYPE = YES_ERROR;
				GCC_WARN_UNDECLARED_SELECTOR = YES;
				GCC_WARN_UNINITIALIZED_AUTOS = YES_AGGRESSIVE;
				GCC_WARN_UNUSED_FUNCTION = YES;
				GCC_WARN_UNUSED_VARIABLE = YES;
				IPHONEOS_DEPLOYMENT_TARGET = 7.1;
				SDKROOT = iphoneos;
				VALIDATE_PRODUCT = YES;
			};
			name = Release;
		};
		52702C6F18E831870017F36D /* Debug */ = {
			isa = XCBuildConfiguration;
			buildSettings = {
				ASSETCATALOG_COMPILER_APPICON_NAME = AppIcon;
				ASSETCATALOG_COMPILER_LAUNCHIMAGE_NAME = LaunchImage;
				GCC_PRECOMPILE_PREFIX_HEADER = YES;
				GCC_PREFIX_HEADER = "JSACollection/JSACollection-Prefix.pch";
				INFOPLIST_FILE = "JSACollection/JSACollection-Info.plist";
				PRODUCT_NAME = "$(TARGET_NAME)";
				WRAPPER_EXTENSION = app;
			};
			name = Debug;
		};
		52702C7018E831870017F36D /* Release */ = {
			isa = XCBuildConfiguration;
			buildSettings = {
				ASSETCATALOG_COMPILER_APPICON_NAME = AppIcon;
				ASSETCATALOG_COMPILER_LAUNCHIMAGE_NAME = LaunchImage;
				GCC_PRECOMPILE_PREFIX_HEADER = YES;
				GCC_PREFIX_HEADER = "JSACollection/JSACollection-Prefix.pch";
				INFOPLIST_FILE = "JSACollection/JSACollection-Info.plist";
				PRODUCT_NAME = "$(TARGET_NAME)";
				WRAPPER_EXTENSION = app;
			};
			name = Release;
		};
		52702C7218E831870017F36D /* Debug */ = {
			isa = XCBuildConfiguration;
			buildSettings = {
				BUNDLE_LOADER = "$(BUILT_PRODUCTS_DIR)/JSACollection.app/JSACollection";
				FRAMEWORK_SEARCH_PATHS = (
					"$(SDKROOT)/Developer/Library/Frameworks",
					"$(inherited)",
					"$(DEVELOPER_FRAMEWORKS_DIR)",
				);
				GCC_PRECOMPILE_PREFIX_HEADER = YES;
				GCC_PREFIX_HEADER = "JSACollection/JSACollection-Prefix.pch";
				GCC_PREPROCESSOR_DEFINITIONS = (
					"DEBUG=1",
					"$(inherited)",
				);
				INFOPLIST_FILE = "JSACollectionTests/JSACollectionTests-Info.plist";
				PRODUCT_NAME = "$(TARGET_NAME)";
				TEST_HOST = "$(BUNDLE_LOADER)";
				WRAPPER_EXTENSION = xctest;
			};
			name = Debug;
		};
		52702C7318E831870017F36D /* Release */ = {
			isa = XCBuildConfiguration;
			buildSettings = {
				BUNDLE_LOADER = "$(BUILT_PRODUCTS_DIR)/JSACollection.app/JSACollection";
				FRAMEWORK_SEARCH_PATHS = (
					"$(SDKROOT)/Developer/Library/Frameworks",
					"$(inherited)",
					"$(DEVELOPER_FRAMEWORKS_DIR)",
				);
				GCC_PRECOMPILE_PREFIX_HEADER = YES;
				GCC_PREFIX_HEADER = "JSACollection/JSACollection-Prefix.pch";
				INFOPLIST_FILE = "JSACollectionTests/JSACollectionTests-Info.plist";
				PRODUCT_NAME = "$(TARGET_NAME)";
				TEST_HOST = "$(BUNDLE_LOADER)";
				WRAPPER_EXTENSION = xctest;
			};
			name = Release;
		};
/* End XCBuildConfiguration section */

/* Begin XCConfigurationList section */
		52702C3718E831860017F36D /* Build configuration list for PBXProject "JSACollection" */ = {
			isa = XCConfigurationList;
			buildConfigurations = (
				52702C6C18E831870017F36D /* Debug */,
				52702C6D18E831870017F36D /* Release */,
			);
			defaultConfigurationIsVisible = 0;
			defaultConfigurationName = Release;
		};
		52702C6E18E831870017F36D /* Build configuration list for PBXNativeTarget "JSACollection" */ = {
			isa = XCConfigurationList;
			buildConfigurations = (
				52702C6F18E831870017F36D /* Debug */,
				52702C7018E831870017F36D /* Release */,
			);
			defaultConfigurationIsVisible = 0;
			defaultConfigurationName = Release;
		};
		52702C7118E831870017F36D /* Build configuration list for PBXNativeTarget "JSACollectionTests" */ = {
			isa = XCConfigurationList;
			buildConfigurations = (
				52702C7218E831870017F36D /* Debug */,
				52702C7318E831870017F36D /* Release */,
			);
			defaultConfigurationIsVisible = 0;
			defaultConfigurationName = Release;
		};
/* End XCConfigurationList section */
	};
	rootObject = 52702C3418E831860017F36D /* Project object */;
}
